
Microsoft Visual Studio Solution File, Format Version 12.00
# Visual Studio Version 17
VisualStudioVersion = 17.14.36518.9 d17.14
MinimumVisualStudioVersion = 10.0.40219.1
Project("{FAE04EC0-301F-11D3-BF4B-00C04F79EFBC}") = "MyIdentityEmail", "MyIdentityEmail\MyIdentityEmail.csproj", "{4E5F6D2A-12E5-44F5-B514-ADABD6DBD52D}"
EndProject
Global
	GlobalSection(SolutionConfigurationPlatforms) = preSolution
		Debug|Any CPU = Debug|Any CPU
		Release|Any CPU = Release|Any CPU
	EndGlobalSection
	GlobalSection(ProjectConfigurationPlatforms) = postSolution
		{4E5F6D2A-12E5-44F5-B514-ADABD6DBD52D}.Debug|Any CPU.ActiveCfg = Debug|Any CPU
		{4E5F6D2A-12E5-44F5-B514-ADABD6DBD52D}.Debug|Any CPU.Build.0 = Debug|Any CPU
		{4E5F6D2A-12E5-44F5-B514-ADABD6DBD52D}.Release|Any CPU.ActiveCfg = Release|Any CPU
		{4E5F6D2A-12E5-44F5-B514-ADABD6DBD52D}.Release|Any CPU.Build.0 = Release|Any CPU
	EndGlobalSection
	GlobalSection(SolutionProperties) = preSolution
		HideSolutionNode = FALSE
	EndGlobalSection
	GlobalSection(ExtensibilityGlobals) = postSolution
		SolutionGuid = {8BD604B6-4A5C-4C44-A9FE-8878DFF8143C}
	EndGlobalSection
EndGlobal
